# This file is automatically @generated by Cargo.
# It is not intended for manual editing.
version = 4

[[package]]
name = "log-aggregator"
version = "0.1.0"
dependencies = [
 "log-parser",
]

[[package]]
name = "log-cli"
version = "0.1.0"
dependencies = [
 "log-aggregator",
 "log-parser",
]

[[package]]
name = "log-parser"
version = "0.1.0"
